
Microsoft Visual Studio Solution File, Format Version 12.00
# Visual Studio 15
Project("{FAE04EC0-301F-11D3-BF4B-00C04F79EFBC}") = "Assembly-CSharp", "Assembly-CSharp.csproj", "{0B43F91A-4EEE-7AFB-4843-4E7883A3F14F}"
EndProject
Project("{FAE04EC0-301F-11D3-BF4B-00C04F79EFBC}") = "Assembly-CSharp-Editor", "Assembly-CSharp-Editor.csproj", "{E1E817FB-CBA6-3C1D-0790-59CB6B883B70}"
EndProject
Global
	GlobalSection(SolutionConfigurationPlatforms) = preSolution
		Debug|Any CPU = Debug|Any CPU
		Release|Any CPU = Release|Any CPU
	EndGlobalSection
	GlobalSection(ProjectConfigurationPlatforms) = postSolution
		{0B43F91A-4EEE-7AFB-4843-4E7883A3F14F}.Debug|Any CPU.ActiveCfg = Debug|Any CPU
		{0B43F91A-4EEE-7AFB-4843-4E7883A3F14F}.Debug|Any CPU.Build.0 = Debug|Any CPU
		{0B43F91A-4EEE-7AFB-4843-4E7883A3F14F}.Release|Any CPU.ActiveCfg = Release|Any CPU
		{0B43F91A-4EEE-7AFB-4843-4E7883A3F14F}.Release|Any CPU.Build.0 = Release|Any CPU
		{E1E817FB-CBA6-3C1D-0790-59CB6B883B70}.Debug|Any CPU.ActiveCfg = Debug|Any CPU
		{E1E817FB-CBA6-3C1D-0790-59CB6B883B70}.Debug|Any CPU.Build.0 = Debug|Any CPU
		{E1E817FB-CBA6-3C1D-0790-59CB6B883B70}.Release|Any CPU.ActiveCfg = Release|Any CPU
		{E1E817FB-CBA6-3C1D-0790-59CB6B883B70}.Release|Any CPU.Build.0 = Release|Any CPU
	EndGlobalSection
	GlobalSection(SolutionProperties) = preSolution
		HideSolutionNode = FALSE
	EndGlobalSection
EndGlobal
